
Microsoft Visual Studio Solution File, Format Version 12.00
# Visual Studio Version 16
VisualStudioVersion = 16.0.30204.135
MinimumVisualStudioVersion = 10.0.40219.1
Project("{FAE04EC0-301F-11D3-BF4B-00C04F79EFBC}") = "API", "API\API.csproj", "{355AE6A7-E77E-48CE-9983-8E81E66DB2B5}"
EndProject
Project("{FAE04EC0-301F-11D3-BF4B-00C04F79EFBC}") = "Core", "Core\Core.csproj", "{56C3E92C-39D6-45C5-8C67-11DBC28C8876}"
EndProject
Project("{FAE04EC0-301F-11D3-BF4B-00C04F79EFBC}") = "Infrastructure", "Infrastructure\Infrastructure.csproj", "{3B7DC1D7-A818-46D0-83C2-51D4E048E5AB}"
EndProject
Global
	GlobalSection(SolutionConfigurationPlatforms) = preSolution
		Debug|Any CPU = Debug|Any CPU
		Release|Any CPU = Release|Any CPU
	EndGlobalSection
	GlobalSection(ProjectConfigurationPlatforms) = postSolution
		{355AE6A7-E77E-48CE-9983-8E81E66DB2B5}.Debug|Any CPU.ActiveCfg = Debug|Any CPU
		{355AE6A7-E77E-48CE-9983-8E81E66DB2B5}.Debug|Any CPU.Build.0 = Debug|Any CPU
		{355AE6A7-E77E-48CE-9983-8E81E66DB2B5}.Release|Any CPU.ActiveCfg = Release|Any CPU
		{355AE6A7-E77E-48CE-9983-8E81E66DB2B5}.Release|Any CPU.Build.0 = Release|Any CPU
		{56C3E92C-39D6-45C5-8C67-11DBC28C8876}.Debug|Any CPU.ActiveCfg = Debug|Any CPU
		{56C3E92C-39D6-45C5-8C67-11DBC28C8876}.Debug|Any CPU.Build.0 = Debug|Any CPU
		{56C3E92C-39D6-45C5-8C67-11DBC28C8876}.Release|Any CPU.ActiveCfg = Release|Any CPU
		{56C3E92C-39D6-45C5-8C67-11DBC28C8876}.Release|Any CPU.Build.0 = Release|Any CPU
		{3B7DC1D7-A818-46D0-83C2-51D4E048E5AB}.Debug|Any CPU.ActiveCfg = Debug|Any CPU
		{3B7DC1D7-A818-46D0-83C2-51D4E048E5AB}.Debug|Any CPU.Build.0 = Debug|Any CPU
		{3B7DC1D7-A818-46D0-83C2-51D4E048E5AB}.Release|Any CPU.ActiveCfg = Release|Any CPU
		{3B7DC1D7-A818-46D0-83C2-51D4E048E5AB}.Release|Any CPU.Build.0 = Release|Any CPU
	EndGlobalSection
	GlobalSection(SolutionProperties) = preSolution
		HideSolutionNode = FALSE
	EndGlobalSection
	GlobalSection(ExtensibilityGlobals) = postSolution
		SolutionGuid = {244FF030-8D40-48A4-B887-48BAA60C8641}
	EndGlobalSection
EndGlobal
